
Microsoft Visual Studio Solution File, Format Version 12.00
# Visual Studio Version 17
VisualStudioVersion = 17.5.2.0
MinimumVisualStudioVersion = 10.0.40219.1
Project("{FAE04EC0-301F-11D3-BF4B-00C04F79EFBC}") = "WindowsEdgeLight", "WindowsEdgeLight\WindowsEdgeLight.csproj", "{C2187EC4-5511-1F4A-A7C5-D7D114D039DC}"
EndProject
Project("{FAE04EC0-301F-11D3-BF4B-00C04F79EFBC}") = "WindowsEdgeLight.Tests", "WindowsEdgeLight.Tests\WindowsEdgeLight.Tests.csproj", "{959C1E92-C331-4BCF-88C4-674509E2D7F0}"
EndProject
Global
	GlobalSection(SolutionConfigurationPlatforms) = preSolution
		Debug|Any CPU = Debug|Any CPU
		Debug|x64 = Debug|x64
		Debug|x86 = Debug|x86
		Release|Any CPU = Release|Any CPU
		Release|x64 = Release|x64
		Release|x86 = Release|x86
	EndGlobalSection
	GlobalSection(ProjectConfigurationPlatforms) = postSolution
		{C2187EC4-5511-1F4A-A7C5-D7D114D039DC}.Debug|Any CPU.ActiveCfg = Debug|Any CPU
		{C2187EC4-5511-1F4A-A7C5-D7D114D039DC}.Debug|Any CPU.Build.0 = Debug|Any CPU
		{C2187EC4-5511-1F4A-A7C5-D7D114D039DC}.Debug|x64.ActiveCfg = Debug|Any CPU
		{C2187EC4-5511-1F4A-A7C5-D7D114D039DC}.Debug|x64.Build.0 = Debug|Any CPU
		{C2187EC4-5511-1F4A-A7C5-D7D114D039DC}.Debug|x86.ActiveCfg = Debug|Any CPU
		{C2187EC4-5511-1F4A-A7C5-D7D114D039DC}.Debug|x86.Build.0 = Debug|Any CPU
		{C2187EC4-5511-1F4A-A7C5-D7D114D039DC}.Release|Any CPU.ActiveCfg = Release|Any CPU
		{C2187EC4-5511-1F4A-A7C5-D7D114D039DC}.Release|Any CPU.Build.0 = Release|Any CPU
		{C2187EC4-5511-1F4A-A7C5-D7D114D039DC}.Release|x64.ActiveCfg = Release|Any CPU
		{C2187EC4-5511-1F4A-A7C5-D7D114D039DC}.Release|x64.Build.0 = Release|Any CPU
		{C2187EC4-5511-1F4A-A7C5-D7D114D039DC}.Release|x86.ActiveCfg = Release|Any CPU
		{C2187EC4-5511-1F4A-A7C5-D7D114D039DC}.Release|x86.Build.0 = Release|Any CPU
		{959C1E92-C331-4BCF-88C4-674509E2D7F0}.Debug|Any CPU.ActiveCfg = Debug|Any CPU
		{959C1E92-C331-4BCF-88C4-674509E2D7F0}.Debug|Any CPU.Build.0 = Debug|Any CPU
		{959C1E92-C331-4BCF-88C4-674509E2D7F0}.Debug|x64.ActiveCfg = Debug|Any CPU
		{959C1E92-C331-4BCF-88C4-674509E2D7F0}.Debug|x64.Build.0 = Debug|Any CPU
		{959C1E92-C331-4BCF-88C4-674509E2D7F0}.Debug|x86.ActiveCfg = Debug|Any CPU
		{959C1E92-C331-4BCF-88C4-674509E2D7F0}.Debug|x86.Build.0 = Debug|Any CPU
		{959C1E92-C331-4BCF-88C4-674509E2D7F0}.Release|Any CPU.ActiveCfg = Release|Any CPU
		{959C1E92-C331-4BCF-88C4-674509E2D7F0}.Release|Any CPU.Build.0 = Release|Any CPU
		{959C1E92-C331-4BCF-88C4-674509E2D7F0}.Release|x64.ActiveCfg = Release|Any CPU
		{959C1E92-C331-4BCF-88C4-674509E2D7F0}.Release|x64.Build.0 = Release|Any CPU
		{959C1E92-C331-4BCF-88C4-674509E2D7F0}.Release|x86.ActiveCfg = Release|Any CPU
		{959C1E92-C331-4BCF-88C4-674509E2D7F0}.Release|x86.Build.0 = Release|Any CPU
	EndGlobalSection
	GlobalSection(SolutionProperties) = preSolution
		HideSolutionNode = FALSE
	EndGlobalSection
	GlobalSection(ExtensibilityGlobals) = postSolution
		SolutionGuid = {A907C696-8323-4246-BE77-DEBB79E9D8A5}
	EndGlobalSection
EndGlobal
